// !$*UTF8*$!
{
	archiveVersion = 1;
	classes = {
	};
	objectVersion = 46;
	objects = {

/* Begin PBXBuildFile section */
		27010C4F1D35B13400F2A761 /* ScrollViewSupplementaryLayoutAttributes.swift in Sources */ = {isa = PBXBuildFile; fileRef = 27010C4E1D35B13400F2A761 /* ScrollViewSupplementaryLayoutAttributes.swift */; };
		27B6087B1D344D9C00BE3CDD /* AppDelegate.swift in Sources */ = {isa = PBXBuildFile; fileRef = 27B6087A1D344D9C00BE3CDD /* AppDelegate.swift */; };
		27B608801D344D9C00BE3CDD /* Main.storyboard in Resources */ = {isa = PBXBuildFile; fileRef = 27B6087E1D344D9C00BE3CDD /* Main.storyboard */; };
		27B608821D344D9C00BE3CDD /* Assets.xcassets in Resources */ = {isa = PBXBuildFile; fileRef = 27B608811D344D9C00BE3CDD /* Assets.xcassets */; };
		27B608851D344D9C00BE3CDD /* LaunchScreen.storyboard in Resources */ = {isa = PBXBuildFile; fileRef = 27B608831D344D9C00BE3CDD /* LaunchScreen.storyboard */; };
		27B608911D344F1800BE3CDD /* GridLayout.swift in Sources */ = {isa = PBXBuildFile; fileRef = 27B608901D344F1800BE3CDD /* GridLayout.swift */; };
		27B608931D344F3800BE3CDD /* GridCollectionViewController.swift in Sources */ = {isa = PBXBuildFile; fileRef = 27B608921D344F3800BE3CDD /* GridCollectionViewController.swift */; };
		27B608961D34539A00BE3CDD /* CollectionViewCell.swift in Sources */ = {isa = PBXBuildFile; fileRef = 27B608951D34539A00BE3CDD /* CollectionViewCell.swift */; };
		27B608991D34566000BE3CDD /* ScrollViewSupplementaryView.swift in Sources */ = {isa = PBXBuildFile; fileRef = 27B608981D34566000BE3CDD /* ScrollViewSupplementaryView.swift */; };
/* End PBXBuildFile section */

/* Begin PBXFileReference section */
		27010C4E1D35B13400F2A761 /* ScrollViewSupplementaryLayoutAttributes.swift */ = {isa = PBXFileReference; fileEncoding = 4; lastKnownFileType = sourcecode.swift; name = ScrollViewSupplementaryLayoutAttributes.swift; path = Source/Layout/Attributes/ScrollViewSupplementaryLayoutAttributes.swift; sourceTree = "<group>"; };
		27B608771D344D9C00BE3CDD /* ScrollableGridCollectionView.app */ = {isa = PBXFileReference; explicitFileType = wrapper.application; includeInIndex = 0; path = ScrollableGridCollectionView.app; sourceTree = BUILT_PRODUCTS_DIR; };
		27B6087A1D344D9C00BE3CDD /* AppDelegate.swift */ = {isa = PBXFileReference; lastKnownFileType = sourcecode.swift; path = AppDelegate.swift; sourceTree = "<group>"; };
		27B6087F1D344D9C00BE3CDD /* Base */ = {isa = PBXFileReference; lastKnownFileType = file.storyboard; name = Base; path = Base.lproj/Main.storyboard; sourceTree = "<group>"; };
		27B608811D344D9C00BE3CDD /* Assets.xcassets */ = {isa = PBXFileReference; lastKnownFileType = folder.assetcatalog; path = Assets.xcassets; sourceTree = "<group>"; };
		27B608841D344D9C00BE3CDD /* Base */ = {isa = PBXFileReference; lastKnownFileType = file.storyboard; name = Base; path = Base.lproj/LaunchScreen.storyboard; sourceTree = "<group>"; };
		27B608861D344D9C00BE3CDD /* Info.plist */ = {isa = PBXFileReference; lastKnownFileType = text.plist.xml; path = Info.plist; sourceTree = "<group>"; };
		27B608901D344F1800BE3CDD /* GridLayout.swift */ = {isa = PBXFileReference; fileEncoding = 4; lastKnownFileType = sourcecode.swift; name = GridLayout.swift; path = "Source/Layout/Cell Layout/GridLayout.swift"; sourceTree = "<group>"; };
		27B608921D344F3800BE3CDD /* GridCollectionViewController.swift */ = {isa = PBXFileReference; fileEncoding = 4; lastKnownFileType = sourcecode.swift; name = GridCollectionViewController.swift; path = "Source/Controller/View Controller/GridCollectionViewController.swift"; sourceTree = "<group>"; };
		27B608951D34539A00BE3CDD /* CollectionViewCell.swift */ = {isa = PBXFileReference; fileEncoding = 4; lastKnownFileType = sourcecode.swift; name = CollectionViewCell.swift; path = "Source/View/Collection View Cell/CollectionViewCell.swift"; sourceTree = "<group>"; };
		27B608981D34566000BE3CDD /* ScrollViewSupplementaryView.swift */ = {isa = PBXFileReference; fileEncoding = 4; lastKnownFileType = sourcecode.swift; name = ScrollViewSupplementaryView.swift; path = "Source/View/Supplementary View/ScrollViewSupplementaryView.swift"; sourceTree = "<group>"; };
/* End PBXFileReference section */

/* Begin PBXFrameworksBuildPhase section */
		27B608741D344D9C00BE3CDD /* Frameworks */ = {
			isa = PBXFrameworksBuildPhase;
			buildActionMask = 2147483647;
			files = (
			);
			runOnlyForDeploymentPostprocessing = 0;
		};
/* End PBXFrameworksBuildPhase section */

/* Begin PBXGroup section */
		27010C4C1D358B6300F2A761 /* Attributes */ = {
			isa = PBXGroup;
			children = (
				27010C4E1D35B13400F2A761 /* ScrollViewSupplementaryLayoutAttributes.swift */,
			);
			name = Attributes;
			sourceTree = "<group>";
		};
		27010C4D1D358B6B00F2A761 /* Cell Layout */ = {
			isa = PBXGroup;
			children = (
				27B608901D344F1800BE3CDD /* GridLayout.swift */,
			);
			name = "Cell Layout";
			sourceTree = "<group>";
		};
		27B6086E1D344D9C00BE3CDD = {
			isa = PBXGroup;
			children = (
				27B608791D344D9C00BE3CDD /* ScrollableGridCollectionView */,
				27B608781D344D9C00BE3CDD /* Products */,
			);
			sourceTree = "<group>";
		};
		27B608781D344D9C00BE3CDD /* Products */ = {
			isa = PBXGroup;
			children = (
				27B608771D344D9C00BE3CDD /* ScrollableGridCollectionView.app */,
			);
			name = Products;
			sourceTree = "<group>";
		};
		27B608791D344D9C00BE3CDD /* ScrollableGridCollectionView */ = {
			isa = PBXGroup;
			children = (
				27B6088F1D344DDF00BE3CDD /* View */,
				27B6088E1D344DCD00BE3CDD /* Layout */,
				27B6088C1D344DB800BE3CDD /* Controller */,
				27B6087A1D344D9C00BE3CDD /* AppDelegate.swift */,
				27B6087E1D344D9C00BE3CDD /* Main.storyboard */,
				27B608811D344D9C00BE3CDD /* Assets.xcassets */,
				27B608831D344D9C00BE3CDD /* LaunchScreen.storyboard */,
				27B608861D344D9C00BE3CDD /* Info.plist */,
			);
			path = ScrollableGridCollectionView;
			sourceTree = "<group>";
		};
		27B6088C1D344DB800BE3CDD /* Controller */ = {
			isa = PBXGroup;
			children = (
				27B6088D1D344DC500BE3CDD /* View Controller */,
			);
			name = Controller;
			sourceTree = "<group>";
		};
		27B6088D1D344DC500BE3CDD /* View Controller */ = {
			isa = PBXGroup;
			children = (
				27B608921D344F3800BE3CDD /* GridCollectionViewController.swift */,
			);
			name = "View Controller";
			sourceTree = "<group>";
		};
		27B6088E1D344DCD00BE3CDD /* Layout */ = {
			isa = PBXGroup;
			children = (
				27010C4D1D358B6B00F2A761 /* Cell Layout */,
				27010C4C1D358B6300F2A761 /* Attributes */,
			);
			name = Layout;
			sourceTree = "<group>";
		};
		27B6088F1D344DDF00BE3CDD /* View */ = {
			isa = PBXGroup;
			children = (
				27B608971D34562B00BE3CDD /* Supplementary View */,
				27B608941D34537700BE3CDD /* Collection View Cell */,
			);
			name = View;
			sourceTree = "<group>";
		};
		27B608941D34537700BE3CDD /* Collection View Cell */ = {
			isa = PBXGroup;
			children = (
				27B608951D34539A00BE3CDD /* CollectionViewCell.swift */,
			);
			name = "Collection View Cell";
			sourceTree = "<group>";
		};
		27B608971D34562B00BE3CDD /* Supplementary View */ = {
			isa = PBXGroup;
			children = (
				27B608981D34566000BE3CDD /* ScrollViewSupplementaryView.swift */,
			);
			name = "Supplementary View";
			sourceTree = "<group>";
		};
/* End PBXGroup section */

/* Begin PBXNativeTarget section */
		27B608761D344D9C00BE3CDD /* ScrollableGridCollectionView */ = {
			isa = PBXNativeTarget;
			buildConfigurationList = 27B608891D344D9C00BE3CDD /* Build configuration list for PBXNativeTarget "ScrollableGridCollectionView" */;
			buildPhases = (
				27B608731D344D9C00BE3CDD /* Sources */,
				27B608741D344D9C00BE3CDD /* Frameworks */,
				27B608751D344D9C00BE3CDD /* Resources */,
			);
			buildRules = (
			);
			dependencies = (
			);
			name = ScrollableGridCollectionView;
			productName = ScrollableGridCollectionView;
			productReference = 27B608771D344D9C00BE3CDD /* ScrollableGridCollectionView.app */;
			productType = "com.apple.product-type.application";
		};
/* End PBXNativeTarget section */

/* Begin PBXProject section */
		27B6086F1D344D9C00BE3CDD /* Project object */ = {
			isa = PBXProject;
			attributes = {
				LastSwiftUpdateCheck = 0730;
				LastUpgradeCheck = 0730;
				ORGANIZATIONNAME = "Kyle Zaragoza";
				TargetAttributes = {
					27B608761D344D9C00BE3CDD = {
						CreatedOnToolsVersion = 7.3;
					};
				};
			};
			buildConfigurationList = 27B608721D344D9C00BE3CDD /* Build configuration list for PBXProject "ScrollableGridCollectionView" */;
			compatibilityVersion = "Xcode 3.2";
			developmentRegion = English;
			hasScannedForEncodings = 0;
			knownRegions = (
				en,
				Base,
			);
			mainGroup = 27B6086E1D344D9C00BE3CDD;
			productRefGroup = 27B608781D344D9C00BE3CDD /* Products */;
			projectDirPath = "";
			projectRoot = "";
			targets = (
				27B608761D344D9C00BE3CDD /* ScrollableGridCollectionView */,
			);
		};
/* End PBXProject section */

/* Begin PBXResourcesBuildPhase section */
		27B608751D344D9C00BE3CDD /* Resources */ = {
			isa = PBXResourcesBuildPhase;
			buildActionMask = 2147483647;
			files = (
				27B608851D344D9C00BE3CDD /* LaunchScreen.storyboard in Resources */,
				27B608821D344D9C00BE3CDD /* Assets.xcassets in Resources */,
				27B608801D344D9C00BE3CDD /* Main.storyboard in Resources */,
			);
			runOnlyForDeploymentPostprocessing = 0;
		};
/* End PBXResourcesBuildPhase section */

/* Begin PBXSourcesBuildPhase section */
		27B608731D344D9C00BE3CDD /* Sources */ = {
			isa = PBXSourcesBuildPhase;
			buildActionMask = 2147483647;
			files = (
				27B6087B1D344D9C00BE3CDD /* AppDelegate.swift in Sources */,
				27B608931D344F3800BE3CDD /* GridCollectionViewController.swift in Sources */,
				27B608991D34566000BE3CDD /* ScrollViewSupplementaryView.swift in Sources */,
				27B608961D34539A00BE3CDD /* CollectionViewCell.swift in Sources */,
				27010C4F1D35B13400F2A761 /* ScrollViewSupplementaryLayoutAttributes.swift in Sources */,
				27B608911D344F1800BE3CDD /* GridLayout.swift in Sources */,
			);
			runOnlyForDeploymentPostprocessing = 0;
		};
/* End PBXSourcesBuildPhase section */

/* Begin PBXVariantGroup section */
		27B6087E1D344D9C00BE3CDD /* Main.storyboard */ = {
			isa = PBXVariantGroup;
			children = (
				27B6087F1D344D9C00BE3CDD /* Base */,
			);
			name = Main.storyboard;
			sourceTree = "<group>";
		};
		27B608831D344D9C00BE3CDD /* LaunchScreen.storyboard */ = {
			isa = PBXVariantGroup;
			children = (
				27B608841D344D9C00BE3CDD /* Base */,
			);
			name = LaunchScreen.storyboard;
			sourceTree = "<group>";
		};
/* End PBXVariantGroup section */

/* Begin XCBuildConfiguration section */
		27B608871D344D9C00BE3CDD /* Debug */ = {
			isa = XCBuildConfiguration;
			buildSettings = {
				ALWAYS_SEARCH_USER_PATHS = NO;
				CLANG_ANALYZER_NONNULL = YES;
				CLANG_CXX_LANGUAGE_STANDARD = "gnu++0x";
				CLANG_CXX_LIBRARY = "libc++";
				CLANG_ENABLE_MODULES = YES;
				CLANG_ENABLE_OBJC_ARC = YES;
				CLANG_WARN_BOOL_CONVERSION = YES;
				CLANG_WARN_CONSTANT_CONVERSION = YES;
				CLANG_WARN_DIRECT_OBJC_ISA_USAGE = YES_ERROR;
				CLANG_WARN_EMPTY_BODY = YES;
				CLANG_WARN_ENUM_CONVERSION = YES;
				CLANG_WARN_INT_CONVERSION = YES;
				CLANG_WARN_OBJC_ROOT_CLASS = YES_ERROR;
				CLANG_WARN_UNREACHABLE_CODE = YES;
				CLANG_WARN__DUPLICATE_METHOD_MATCH = YES;
				"CODE_SIGN_IDENTITY[sdk=iphoneos*]" = "iPhone Developer";
				COPY_PHASE_STRIP = NO;
				DEBUG_INFORMATION_FORMAT = dwarf;
				ENABLE_STRICT_OBJC_MSGSEND = YES;
				ENABLE_TESTABILITY = YES;
				GCC_C_LANGUAGE_STANDARD = gnu99;
				GCC_DYNAMIC_NO_PIC = NO;
				GCC_NO_COMMON_BLOCKS = YES;
				GCC_OPTIMIZATION_LEVEL = 0;
				GCC_PREPROCESSOR_DEFINITIONS = (
					"DEBUG=1",
					"$(inherited)",
				);
				GCC_WARN_64_TO_32_BIT_CONVERSION = YES;
				GCC_WARN_ABOUT_RETURN_TYPE = YES_ERROR;
				GCC_WARN_UNDECLARED_SELECTOR = YES;
				GCC_WARN_UNINITIALIZED_AUTOS = YES_AGGRESSIVE;
				GCC_WARN_UNUSED_FUNCTION = YES;
				GCC_WARN_UNUSED_VARIABLE = YES;
				IPHONEOS_DEPLOYMENT_TARGET = 9.3;
				MTL_ENABLE_DEBUG_INFO = YES;
				ONLY_ACTIVE_ARCH = YES;
				SDKROOT = iphoneos;
				SWIFT_OPTIMIZATION_LEVEL = "-Onone";
			};
			name = Debug;
		};
		27B608881D344D9C00BE3CDD /* Release */ = {
			isa = XCBuildConfiguration;
			buildSettings = {
				ALWAYS_SEARCH_USER_PATHS = NO;
				CLANG_ANALYZER_NONNULL = YES;
				CLANG_CXX_LANGUAGE_STANDARD = "gnu++0x";
				CLANG_CXX_LIBRARY = "libc++";
				CLANG_ENABLE_MODULES = YES;
				CLANG_ENABLE_OBJC_ARC = YES;
				CLANG_WARN_BOOL_CONVERSION = YES;
				CLANG_WARN_CONSTANT_CONVERSION = YES;
				CLANG_WARN_DIRECT_OBJC_ISA_USAGE = YES_ERROR;
				CLANG_WARN_EMPTY_BODY = YES;
				CLANG_WARN_ENUM_CONVERSION = YES;
				CLANG_WARN_INT_CONVERSION = YES;
				CLANG_WARN_OBJC_ROOT_CLASS = YES_ERROR;
				CLANG_WARN_UNREACHABLE_CODE = YES;
				CLANG_WARN__DUPLICATE_METHOD_MATCH = YES;
				"CODE_SIGN_IDENTITY[sdk=iphoneos*]" = "iPhone Developer";
				COPY_PHASE_STRIP = NO;
				DEBUG_INFORMATION_FORMAT = "dwarf-with-dsym";
				ENABLE_NS_ASSERTIONS = NO;
				ENABLE_STRICT_OBJC_MSGSEND = YES;
				GCC_C_LANGUAGE_STANDARD = gnu99;
				GCC_NO_COMMON_BLOCKS = YES;
				GCC_WARN_64_TO_32_BIT_CONVERSION = YES;
				GCC_WARN_ABOUT_RETURN_TYPE = YES_ERROR;
				GCC_WARN_UNDECLARED_SELECTOR = YES;
				GCC_WARN_UNINITIALIZED_AUTOS = YES_AGGRESSIVE;
				GCC_WARN_UNUSED_FUNCTION = YES;
				GCC_WARN_UNUSED_VARIABLE = YES;
				IPHONEOS_DEPLOYMENT_TARGET = 9.3;
				MTL_ENABLE_DEBUG_INFO = NO;
				SDKROOT = iphoneos;
				VALIDATE_PRODUCT = YES;
			};
			name = Release;
		};
		27B6088A1D344D9C00BE3CDD /* Debug */ = {
			isa = XCBuildConfiguration;
			buildSettings = {
				ASSETCATALOG_COMPILER_APPICON_NAME = AppIcon;
				INFOPLIST_FILE = ScrollableGridCollectionView/Info.plist;
				LD_RUNPATH_SEARCH_PATHS = "$(inherited) @executable_path/Frameworks";
				PRODUCT_BUNDLE_IDENTIFIER = com.PopSweet.ScrollableGridCollectionView;
				PRODUCT_NAME = "$(TARGET_NAME)";
			};
			name = Debug;
		};
		27B6088B1D344D9C00BE3CDD /* Release */ = {
			isa = XCBuildConfiguration;
			buildSettings = {
				ASSETCATALOG_COMPILER_APPICON_NAME = AppIcon;
				INFOPLIST_FILE = ScrollableGridCollectionView/Info.plist;
				LD_RUNPATH_SEARCH_PATHS = "$(inherited) @executable_path/Frameworks";
				PRODUCT_BUNDLE_IDENTIFIER = com.PopSweet.ScrollableGridCollectionView;
				PRODUCT_NAME = "$(TARGET_NAME)";
			};
			name = Release;
		};
/* End XCBuildConfiguration section */

/* Begin XCConfigurationList section */
		27B608721D344D9C00BE3CDD /* Build configuration list for PBXProject "ScrollableGridCollectionView" */ = {
			isa = XCConfigurationList;
			buildConfigurations = (
				27B608871D344D9C00BE3CDD /* Debug */,
				27B608881D344D9C00BE3CDD /* Release */,
			);
			defaultConfigurationIsVisible = 0;
			defaultConfigurationName = Release;
		};
		27B608891D344D9C00BE3CDD /* Build configuration list for PBXNativeTarget "ScrollableGridCollectionView" */ = {
			isa = XCConfigurationList;
			buildConfigurations = (
				27B6088A1D344D9C00BE3CDD /* Debug */,
				27B6088B1D344D9C00BE3CDD /* Release */,
			);
			defaultConfigurationIsVisible = 0;
			defaultConfigurationName = Release;
		};
/* End XCConfigurationList section */
	};
	rootObject = 27B6086F1D344D9C00BE3CDD /* Project object */;
}
